
Microsoft Visual Studio Solution File, Format Version 12.00
# Visual Studio Version 17
VisualStudioVersion = 17.3.32901.215
MinimumVisualStudioVersion = 10.0.40219.1
Project("{9A19103F-16F7-4668-BE54-9A1E7A4F7556}") = "ConsoleApp7", "ConsoleApp7.csproj", "{86522494-1F46-4800-AFE2-8925DC6FA8BB}"
EndProject
Project("{9A19103F-16F7-4668-BE54-9A1E7A4F7556}") = "ConsoleApp7.Tests", "..\Tests\ConsoleApp7.Tests.csproj", "{7880E67C-7C80-4A8F-84D3-A08CE6A1670D}"
EndProject
Global
	GlobalSection(SolutionConfigurationPlatforms) = preSolution
		Debug|Any CPU = Debug|Any CPU
		Release|Any CPU = Release|Any CPU
	EndGlobalSection
	GlobalSection(ProjectConfigurationPlatforms) = postSolution
		{86522494-1F46-4800-AFE2-8925DC6FA8BB}.Debug|Any CPU.ActiveCfg = Debug|Any CPU
		{86522494-1F46-4800-AFE2-8925DC6FA8BB}.Debug|Any CPU.Build.0 = Debug|Any CPU
		{86522494-1F46-4800-AFE2-8925DC6FA8BB}.Release|Any CPU.ActiveCfg = Release|Any CPU
		{86522494-1F46-4800-AFE2-8925DC6FA8BB}.Release|Any CPU.Build.0 = Release|Any CPU
		{7880E67C-7C80-4A8F-84D3-A08CE6A1670D}.Debug|Any CPU.ActiveCfg = Debug|Any CPU
		{7880E67C-7C80-4A8F-84D3-A08CE6A1670D}.Debug|Any CPU.Build.0 = Debug|Any CPU
		{7880E67C-7C80-4A8F-84D3-A08CE6A1670D}.Release|Any CPU.ActiveCfg = Release|Any CPU
		{7880E67C-7C80-4A8F-84D3-A08CE6A1670D}.Release|Any CPU.Build.0 = Release|Any CPU
	EndGlobalSection
	GlobalSection(SolutionProperties) = preSolution
		HideSolutionNode = FALSE
	EndGlobalSection
	GlobalSection(ExtensibilityGlobals) = postSolution
		SolutionGuid = {1D68860D-963F-466A-B915-7F18C5059829}
	EndGlobalSection
EndGlobal
